// !$*UTF8*$!
{
	archiveVersion = 1;
	classes = {
	};
	objectVersion = 46;
	objects = {

/* Begin PBXBuildFile section */
		1E5EBB27FAA8FEDAE533AB50 /* libPods-XMPPClint.a in Frameworks */ = {isa = PBXBuildFile; fileRef = 945C52CB47DA439D8D0B7463 /* libPods-XMPPClint.a */; };
		CC5A27C01D348CAA00F3C27F /* ClintModel.m in Sources */ = {isa = PBXBuildFile; fileRef = CC5A27BF1D348CAA00F3C27F /* ClintModel.m */; };
		CC5A27C31D3492C600F3C27F /* AddUserVC.m in Sources */ = {isa = PBXBuildFile; fileRef = CC5A27C21D3492C600F3C27F /* AddUserVC.m */; };
		CC5A27C61D34CB9900F3C27F /* PersonCell.m in Sources */ = {isa = PBXBuildFile; fileRef = CC5A27C51D34CB9900F3C27F /* PersonCell.m */; };
		CC5A27C91D34DAAF00F3C27F /* ChartVC.m in Sources */ = {isa = PBXBuildFile; fileRef = CC5A27C81D34DAAF00F3C27F /* ChartVC.m */; };
		CCC5CA941D337A6D004135D0 /* main.m in Sources */ = {isa = PBXBuildFile; fileRef = CCC5CA931D337A6D004135D0 /* main.m */; };
		CCC5CA971D337A6D004135D0 /* AppDelegate.m in Sources */ = {isa = PBXBuildFile; fileRef = CCC5CA961D337A6D004135D0 /* AppDelegate.m */; };
		CCC5CA9A1D337A6D004135D0 /* ViewController.m in Sources */ = {isa = PBXBuildFile; fileRef = CCC5CA991D337A6D004135D0 /* ViewController.m */; };
		CCC5CA9D1D337A6D004135D0 /* Main.storyboard in Resources */ = {isa = PBXBuildFile; fileRef = CCC5CA9B1D337A6D004135D0 /* Main.storyboard */; };
		CCC5CA9F1D337A6D004135D0 /* Assets.xcassets in Resources */ = {isa = PBXBuildFile; fileRef = CCC5CA9E1D337A6D004135D0 /* Assets.xcassets */; };
		CCC5CAA21D337A6D004135D0 /* LaunchScreen.storyboard in Resources */ = {isa = PBXBuildFile; fileRef = CCC5CAA01D337A6D004135D0 /* LaunchScreen.storyboard */; };
		CCC5CAAB1D3381C7004135D0 /* BCNetConnect.m in Sources */ = {isa = PBXBuildFile; fileRef = CCC5CAAA1D3381C7004135D0 /* BCNetConnect.m */; };
		CCC5CAAE1D338674004135D0 /* LoginVC.m in Sources */ = {isa = PBXBuildFile; fileRef = CCC5CAAD1D338674004135D0 /* LoginVC.m */; };
/* End PBXBuildFile section */

/* Begin PBXFileReference section */
		46133D296EC418690EF5FC89 /* Pods-XMPPClint.release.xcconfig */ = {isa = PBXFileReference; includeInIndex = 1; lastKnownFileType = text.xcconfig; name = "Pods-XMPPClint.release.xcconfig"; path = "Pods/Target Support Files/Pods-XMPPClint/Pods-XMPPClint.release.xcconfig"; sourceTree = "<group>"; };
		945C52CB47DA439D8D0B7463 /* libPods-XMPPClint.a */ = {isa = PBXFileReference; explicitFileType = archive.ar; includeInIndex = 0; path = "libPods-XMPPClint.a"; sourceTree = BUILT_PRODUCTS_DIR; };
		CC5A27BE1D348CAA00F3C27F /* ClintModel.h */ = {isa = PBXFileReference; fileEncoding = 4; lastKnownFileType = sourcecode.c.h; path = ClintModel.h; sourceTree = "<group>"; };
		CC5A27BF1D348CAA00F3C27F /* ClintModel.m */ = {isa = PBXFileReference; fileEncoding = 4; lastKnownFileType = sourcecode.c.objc; path = ClintModel.m; sourceTree = "<group>"; };
		CC5A27C11D3492C600F3C27F /* AddUserVC.h */ = {isa = PBXFileReference; fileEncoding = 4; lastKnownFileType = sourcecode.c.h; name = AddUserVC.h; path = ../AddUserVC.h; sourceTree = "<group>"; };
		CC5A27C21D3492C600F3C27F /* AddUserVC.m */ = {isa = PBXFileReference; fileEncoding = 4; lastKnownFileType = sourcecode.c.objc; name = AddUserVC.m; path = ../AddUserVC.m; sourceTree = "<group>"; };
		CC5A27C41D34CB9900F3C27F /* PersonCell.h */ = {isa = PBXFileReference; fileEncoding = 4; lastKnownFileType = sourcecode.c.h; path = PersonCell.h; sourceTree = "<group>"; };
		CC5A27C51D34CB9900F3C27F /* PersonCell.m */ = {isa = PBXFileReference; fileEncoding = 4; lastKnownFileType = sourcecode.c.objc; path = PersonCell.m; sourceTree = "<group>"; };
		CC5A27C71D34DAAF00F3C27F /* ChartVC.h */ = {isa = PBXFileReference; fileEncoding = 4; lastKnownFileType = sourcecode.c.h; path = ChartVC.h; sourceTree = "<group>"; };
		CC5A27C81D34DAAF00F3C27F /* ChartVC.m */ = {isa = PBXFileReference; fileEncoding = 4; lastKnownFileType = sourcecode.c.objc; path = ChartVC.m; sourceTree = "<group>"; };
		CCC5CA8F1D337A6D004135D0 /* XMPPClint.app */ = {isa = PBXFileReference; explicitFileType = wrapper.application; includeInIndex = 0; path = XMPPClint.app; sourceTree = BUILT_PRODUCTS_DIR; };
		CCC5CA931D337A6D004135D0 /* main.m */ = {isa = PBXFileReference; lastKnownFileType = sourcecode.c.objc; path = main.m; sourceTree = "<group>"; };
		CCC5CA951D337A6D004135D0 /* AppDelegate.h */ = {isa = PBXFileReference; lastKnownFileType = sourcecode.c.h; path = AppDelegate.h; sourceTree = "<group>"; };
		CCC5CA961D337A6D004135D0 /* AppDelegate.m */ = {isa = PBXFileReference; lastKnownFileType = sourcecode.c.objc; path = AppDelegate.m; sourceTree = "<group>"; };
		CCC5CA981D337A6D004135D0 /* ViewController.h */ = {isa = PBXFileReference; lastKnownFileType = sourcecode.c.h; path = ViewController.h; sourceTree = "<group>"; };
		CCC5CA991D337A6D004135D0 /* ViewController.m */ = {isa = PBXFileReference; lastKnownFileType = sourcecode.c.objc; path = ViewController.m; sourceTree = "<group>"; };
		CCC5CA9C1D337A6D004135D0 /* Base */ = {isa = PBXFileReference; lastKnownFileType = file.storyboard; name = Base; path = Base.lproj/Main.storyboard; sourceTree = "<group>"; };
		CCC5CA9E1D337A6D004135D0 /* Assets.xcassets */ = {isa = PBXFileReference; lastKnownFileType = folder.assetcatalog; path = Assets.xcassets; sourceTree = "<group>"; };
		CCC5CAA11D337A6D004135D0 /* Base */ = {isa = PBXFileReference; lastKnownFileType = file.storyboard; name = Base; path = Base.lproj/LaunchScreen.storyboard; sourceTree = "<group>"; };
		CCC5CAA31D337A6D004135D0 /* Info.plist */ = {isa = PBXFileReference; lastKnownFileType = text.plist.xml; path = Info.plist; sourceTree = "<group>"; };
		CCC5CAA91D3381C7004135D0 /* BCNetConnect.h */ = {isa = PBXFileReference; fileEncoding = 4; lastKnownFileType = sourcecode.c.h; path = BCNetConnect.h; sourceTree = "<group>"; };
		CCC5CAAA1D3381C7004135D0 /* BCNetConnect.m */ = {isa = PBXFileReference; fileEncoding = 4; lastKnownFileType = sourcecode.c.objc; path = BCNetConnect.m; sourceTree = "<group>"; };
		CCC5CAAC1D338674004135D0 /* LoginVC.h */ = {isa = PBXFileReference; fileEncoding = 4; lastKnownFileType = sourcecode.c.h; path = LoginVC.h; sourceTree = "<group>"; };
		CCC5CAAD1D338674004135D0 /* LoginVC.m */ = {isa = PBXFileReference; fileEncoding = 4; lastKnownFileType = sourcecode.c.objc; path = LoginVC.m; sourceTree = "<group>"; };
		F1678E78BDADBDB5F2CF453E /* Pods-XMPPClint.debug.xcconfig */ = {isa = PBXFileReference; includeInIndex = 1; lastKnownFileType = text.xcconfig; name = "Pods-XMPPClint.debug.xcconfig"; path = "Pods/Target Support Files/Pods-XMPPClint/Pods-XMPPClint.debug.xcconfig"; sourceTree = "<group>"; };
/* End PBXFileReference section */

/* Begin PBXFrameworksBuildPhase section */
		CCC5CA8C1D337A6D004135D0 /* Frameworks */ = {
			isa = PBXFrameworksBuildPhase;
			buildActionMask = 2147483647;
			files = (
				1E5EBB27FAA8FEDAE533AB50 /* libPods-XMPPClint.a in Frameworks */,
			);
			runOnlyForDeploymentPostprocessing = 0;
		};
/* End PBXFrameworksBuildPhase section */

/* Begin PBXGroup section */
		9E7F6AC7D9F7FE218B1BF0BC /* Frameworks */ = {
			isa = PBXGroup;
			children = (
				945C52CB47DA439D8D0B7463 /* libPods-XMPPClint.a */,
			);
			name = Frameworks;
			sourceTree = "<group>";
		};
		CCC5CA861D337A6D004135D0 = {
			isa = PBXGroup;
			children = (
				CCC5CA911D337A6D004135D0 /* XMPPClint */,
				CCC5CA901D337A6D004135D0 /* Products */,
				E423BF1CCA9502DBFA8C06A9 /* Pods */,
				9E7F6AC7D9F7FE218B1BF0BC /* Frameworks */,
			);
			sourceTree = "<group>";
		};
		CCC5CA901D337A6D004135D0 /* Products */ = {
			isa = PBXGroup;
			children = (
				CCC5CA8F1D337A6D004135D0 /* XMPPClint.app */,
			);
			name = Products;
			sourceTree = "<group>";
		};
		CCC5CA911D337A6D004135D0 /* XMPPClint */ = {
			isa = PBXGroup;
			children = (
				CCC5CA951D337A6D004135D0 /* AppDelegate.h */,
				CCC5CA961D337A6D004135D0 /* AppDelegate.m */,
				CCC5CA981D337A6D004135D0 /* ViewController.h */,
				CCC5CA991D337A6D004135D0 /* ViewController.m */,
				CCC5CA9B1D337A6D004135D0 /* Main.storyboard */,
				CCC5CA9E1D337A6D004135D0 /* Assets.xcassets */,
				CCC5CAA01D337A6D004135D0 /* LaunchScreen.storyboard */,
				CCC5CAA31D337A6D004135D0 /* Info.plist */,
				CCC5CA921D337A6D004135D0 /* Supporting Files */,
				CCC5CAA91D3381C7004135D0 /* BCNetConnect.h */,
				CCC5CAAA1D3381C7004135D0 /* BCNetConnect.m */,
				CCC5CAAC1D338674004135D0 /* LoginVC.h */,
				CCC5CAAD1D338674004135D0 /* LoginVC.m */,
				CC5A27BE1D348CAA00F3C27F /* ClintModel.h */,
				CC5A27BF1D348CAA00F3C27F /* ClintModel.m */,
				CC5A27C11D3492C600F3C27F /* AddUserVC.h */,
				CC5A27C21D3492C600F3C27F /* AddUserVC.m */,
				CC5A27C41D34CB9900F3C27F /* PersonCell.h */,
				CC5A27C51D34CB9900F3C27F /* PersonCell.m */,
				CC5A27C71D34DAAF00F3C27F /* ChartVC.h */,
				CC5A27C81D34DAAF00F3C27F /* ChartVC.m */,
			);
			path = XMPPClint;
			sourceTree = "<group>";
		};
		CCC5CA921D337A6D004135D0 /* Supporting Files */ = {
			isa = PBXGroup;
			children = (
				CCC5CA931D337A6D004135D0 /* main.m */,
			);
			name = "Supporting Files";
			sourceTree = "<group>";
		};
		E423BF1CCA9502DBFA8C06A9 /* Pods */ = {
			isa = PBXGroup;
			children = (
				F1678E78BDADBDB5F2CF453E /* Pods-XMPPClint.debug.xcconfig */,
				46133D296EC418690EF5FC89 /* Pods-XMPPClint.release.xcconfig */,
			);
			name = Pods;
			sourceTree = "<group>";
		};
/* End PBXGroup section */

/* Begin PBXNativeTarget section */
		CCC5CA8E1D337A6D004135D0 /* XMPPClint */ = {
			isa = PBXNativeTarget;
			buildConfigurationList = CCC5CAA61D337A6D004135D0 /* Build configuration list for PBXNativeTarget "XMPPClint" */;
			buildPhases = (
				46731B19CF28CF5189BEE26E /* [CP] Check Pods Manifest.lock */,
				CCC5CA8B1D337A6D004135D0 /* Sources */,
				CCC5CA8C1D337A6D004135D0 /* Frameworks */,
				CCC5CA8D1D337A6D004135D0 /* Resources */,
				8116933DA0F73934A6E7CF5E /* [CP] Embed Pods Frameworks */,
				840807060441A0CB4840529B /* [CP] Copy Pods Resources */,
			);
			buildRules = (
			);
			dependencies = (
			);
			name = XMPPClint;
			productName = XMPPClint;
			productReference = CCC5CA8F1D337A6D004135D0 /* XMPPClint.app */;
			productType = "com.apple.product-type.application";
		};
/* End PBXNativeTarget section */

/* Begin PBXProject section */
		CCC5CA871D337A6D004135D0 /* Project object */ = {
			isa = PBXProject;
			attributes = {
				LastUpgradeCheck = 0730;
				ORGANIZATIONNAME = QingYun;
				TargetAttributes = {
					CCC5CA8E1D337A6D004135D0 = {
						CreatedOnToolsVersion = 7.3;
					};
				};
			};
			buildConfigurationList = CCC5CA8A1D337A6D004135D0 /* Build configuration list for PBXProject "XMPPClint" */;
			compatibilityVersion = "Xcode 3.2";
			developmentRegion = English;
			hasScannedForEncodings = 0;
			knownRegions = (
				en,
				Base,
			);
			mainGroup = CCC5CA861D337A6D004135D0;
			productRefGroup = CCC5CA901D337A6D004135D0 /* Products */;
			projectDirPath = "";
			projectRoot = "";
			targets = (
				CCC5CA8E1D337A6D004135D0 /* XMPPClint */,
			);
		};
/* End PBXProject section */

/* Begin PBXResourcesBuildPhase section */
		CCC5CA8D1D337A6D004135D0 /* Resources */ = {
			isa = PBXResourcesBuildPhase;
			buildActionMask = 2147483647;
			files = (
				CCC5CAA21D337A6D004135D0 /* LaunchScreen.storyboard in Resources */,
				CCC5CA9F1D337A6D004135D0 /* Assets.xcassets in Resources */,
				CCC5CA9D1D337A6D004135D0 /* Main.storyboard in Resources */,
			);
			runOnlyForDeploymentPostprocessing = 0;
		};
/* End PBXResourcesBuildPhase section */

/* Begin PBXShellScriptBuildPhase section */
		46731B19CF28CF5189BEE26E /* [CP] Check Pods Manifest.lock */ = {
			isa = PBXShellScriptBuildPhase;
			buildActionMask = 2147483647;
			files = (
			);
			inputPaths = (
			);
			name = "[CP] Check Pods Manifest.lock";
			outputPaths = (
			);
			runOnlyForDeploymentPostprocessing = 0;
			shellPath = /bin/sh;
			shellScript = "diff \"${PODS_ROOT}/../Podfile.lock\" \"${PODS_ROOT}/Manifest.lock\" > /dev/null\nif [[ $? != 0 ]] ; then\n    cat << EOM\nerror: The sandbox is not in sync with the Podfile.lock. Run 'pod install' or update your CocoaPods installation.\nEOM\n    exit 1\nfi\n";
			showEnvVarsInLog = 0;
		};
		8116933DA0F73934A6E7CF5E /* [CP] Embed Pods Frameworks */ = {
			isa = PBXShellScriptBuildPhase;
			buildActionMask = 2147483647;
			files = (
			);
			inputPaths = (
			);
			name = "[CP] Embed Pods Frameworks";
			outputPaths = (
			);
			runOnlyForDeploymentPostprocessing = 0;
			shellPath = /bin/sh;
			shellScript = "\"${SRCROOT}/Pods/Target Support Files/Pods-XMPPClint/Pods-XMPPClint-frameworks.sh\"\n";
			showEnvVarsInLog = 0;
		};
		840807060441A0CB4840529B /* [CP] Copy Pods Resources */ = {
			isa = PBXShellScriptBuildPhase;
			buildActionMask = 2147483647;
			files = (
			);
			inputPaths = (
			);
			name = "[CP] Copy Pods Resources";
			outputPaths = (
			);
			runOnlyForDeploymentPostprocessing = 0;
			shellPath = /bin/sh;
			shellScript = "\"${SRCROOT}/Pods/Target Support Files/Pods-XMPPClint/Pods-XMPPClint-resources.sh\"\n";
			showEnvVarsInLog = 0;
		};
/* End PBXShellScriptBuildPhase section */

/* Begin PBXSourcesBuildPhase section */
		CCC5CA8B1D337A6D004135D0 /* Sources */ = {
			isa = PBXSourcesBuildPhase;
			buildActionMask = 2147483647;
			files = (
				CCC5CA9A1D337A6D004135D0 /* ViewController.m in Sources */,
				CCC5CA971D337A6D004135D0 /* AppDelegate.m in Sources */,
				CC5A27C01D348CAA00F3C27F /* ClintModel.m in Sources */,
				CC5A27C31D3492C600F3C27F /* AddUserVC.m in Sources */,
				CCC5CAAE1D338674004135D0 /* LoginVC.m in Sources */,
				CCC5CA941D337A6D004135D0 /* main.m in Sources */,
				CC5A27C61D34CB9900F3C27F /* PersonCell.m in Sources */,
				CC5A27C91D34DAAF00F3C27F /* ChartVC.m in Sources */,
				CCC5CAAB1D3381C7004135D0 /* BCNetConnect.m in Sources */,
			);
			runOnlyForDeploymentPostprocessing = 0;
		};
/* End PBXSourcesBuildPhase section */

/* Begin PBXVariantGroup section */
		CCC5CA9B1D337A6D004135D0 /* Main.storyboard */ = {
			isa = PBXVariantGroup;
			children = (
				CCC5CA9C1D337A6D004135D0 /* Base */,
			);
			name = Main.storyboard;
			sourceTree = "<group>";
		};
		CCC5CAA01D337A6D004135D0 /* LaunchScreen.storyboard */ = {
			isa = PBXVariantGroup;
			children = (
				CCC5CAA11D337A6D004135D0 /* Base */,
			);
			name = LaunchScreen.storyboard;
			sourceTree = "<group>";
		};
/* End PBXVariantGroup section */

/* Begin XCBuildConfiguration section */
		CCC5CAA41D337A6D004135D0 /* Debug */ = {
			isa = XCBuildConfiguration;
			buildSettings = {
				ALWAYS_SEARCH_USER_PATHS = NO;
				CLANG_ANALYZER_NONNULL = YES;
				CLANG_CXX_LANGUAGE_STANDARD = "gnu++0x";
				CLANG_CXX_LIBRARY = "libc++";
				CLANG_ENABLE_MODULES = YES;
				CLANG_ENABLE_OBJC_ARC = YES;
				CLANG_WARN_BOOL_CONVERSION = YES;
				CLANG_WARN_CONSTANT_CONVERSION = YES;
				CLANG_WARN_DIRECT_OBJC_ISA_USAGE = YES_ERROR;
				CLANG_WARN_EMPTY_BODY = YES;
				CLANG_WARN_ENUM_CONVERSION = YES;
				CLANG_WARN_INT_CONVERSION = YES;
				CLANG_WARN_OBJC_ROOT_CLASS = YES_ERROR;
				CLANG_WARN_UNREACHABLE_CODE = YES;
				CLANG_WARN__DUPLICATE_METHOD_MATCH = YES;
				"CODE_SIGN_IDENTITY[sdk=iphoneos*]" = "iPhone Developer";
				COPY_PHASE_STRIP = NO;
				DEBUG_INFORMATION_FORMAT = dwarf;
				ENABLE_STRICT_OBJC_MSGSEND = YES;
				ENABLE_TESTABILITY = YES;
				GCC_C_LANGUAGE_STANDARD = gnu99;
				GCC_DYNAMIC_NO_PIC = NO;
				GCC_NO_COMMON_BLOCKS = YES;
				GCC_OPTIMIZATION_LEVEL = 0;
				GCC_PREPROCESSOR_DEFINITIONS = (
					"DEBUG=1",
					"$(inherited)",
				);
				GCC_WARN_64_TO_32_BIT_CONVERSION = YES;
				GCC_WARN_ABOUT_RETURN_TYPE = YES_ERROR;
				GCC_WARN_UNDECLARED_SELECTOR = YES;
				GCC_WARN_UNINITIALIZED_AUTOS = YES_AGGRESSIVE;
				GCC_WARN_UNUSED_FUNCTION = YES;
				GCC_WARN_UNUSED_VARIABLE = YES;
				IPHONEOS_DEPLOYMENT_TARGET = 9.3;
				MTL_ENABLE_DEBUG_INFO = YES;
				ONLY_ACTIVE_ARCH = YES;
				SDKROOT = iphoneos;
			};
			name = Debug;
		};
		CCC5CAA51D337A6D004135D0 /* Release */ = {
			isa = XCBuildConfiguration;
			buildSettings = {
				ALWAYS_SEARCH_USER_PATHS = NO;
				CLANG_ANALYZER_NONNULL = YES;
				CLANG_CXX_LANGUAGE_STANDARD = "gnu++0x";
				CLANG_CXX_LIBRARY = "libc++";
				CLANG_ENABLE_MODULES = YES;
				CLANG_ENABLE_OBJC_ARC = YES;
				CLANG_WARN_BOOL_CONVERSION = YES;
				CLANG_WARN_CONSTANT_CONVERSION = YES;
				CLANG_WARN_DIRECT_OBJC_ISA_USAGE = YES_ERROR;
				CLANG_WARN_EMPTY_BODY = YES;
				CLANG_WARN_ENUM_CONVERSION = YES;
				CLANG_WARN_INT_CONVERSION = YES;
				CLANG_WARN_OBJC_ROOT_CLASS = YES_ERROR;
				CLANG_WARN_UNREACHABLE_CODE = YES;
				CLANG_WARN__DUPLICATE_METHOD_MATCH = YES;
				"CODE_SIGN_IDENTITY[sdk=iphoneos*]" = "iPhone Developer";
				COPY_PHASE_STRIP = NO;
				DEBUG_INFORMATION_FORMAT = "dwarf-with-dsym";
				ENABLE_NS_ASSERTIONS = NO;
				ENABLE_STRICT_OBJC_MSGSEND = YES;
				GCC_C_LANGUAGE_STANDARD = gnu99;
				GCC_NO_COMMON_BLOCKS = YES;
				GCC_WARN_64_TO_32_BIT_CONVERSION = YES;
				GCC_WARN_ABOUT_RETURN_TYPE = YES_ERROR;
				GCC_WARN_UNDECLARED_SELECTOR = YES;
				GCC_WARN_UNINITIALIZED_AUTOS = YES_AGGRESSIVE;
				GCC_WARN_UNUSED_FUNCTION = YES;
				GCC_WARN_UNUSED_VARIABLE = YES;
				IPHONEOS_DEPLOYMENT_TARGET = 9.3;
				MTL_ENABLE_DEBUG_INFO = NO;
				SDKROOT = iphoneos;
				VALIDATE_PRODUCT = YES;
			};
			name = Release;
		};
		CCC5CAA71D337A6D004135D0 /* Debug */ = {
			isa = XCBuildConfiguration;
			baseConfigurationReference = F1678E78BDADBDB5F2CF453E /* Pods-XMPPClint.debug.xcconfig */;
			buildSettings = {
				ASSETCATALOG_COMPILER_APPICON_NAME = AppIcon;
				INFOPLIST_FILE = XMPPClint/Info.plist;
				LD_RUNPATH_SEARCH_PATHS = "$(inherited) @executable_path/Frameworks";
				PRODUCT_BUNDLE_IDENTIFIER = com.Qingyun.XMPPClint;
				PRODUCT_NAME = "$(TARGET_NAME)";
			};
			name = Debug;
		};
		CCC5CAA81D337A6D004135D0 /* Release */ = {
			isa = XCBuildConfiguration;
			baseConfigurationReference = 46133D296EC418690EF5FC89 /* Pods-XMPPClint.release.xcconfig */;
			buildSettings = {
				ASSETCATALOG_COMPILER_APPICON_NAME = AppIcon;
				INFOPLIST_FILE = XMPPClint/Info.plist;
				LD_RUNPATH_SEARCH_PATHS = "$(inherited) @executable_path/Frameworks";
				PRODUCT_BUNDLE_IDENTIFIER = com.Qingyun.XMPPClint;
				PRODUCT_NAME = "$(TARGET_NAME)";
			};
			name = Release;
		};
/* End XCBuildConfiguration section */

/* Begin XCConfigurationList section */
		CCC5CA8A1D337A6D004135D0 /* Build configuration list for PBXProject "XMPPClint" */ = {
			isa = XCConfigurationList;
			buildConfigurations = (
				CCC5CAA41D337A6D004135D0 /* Debug */,
				CCC5CAA51D337A6D004135D0 /* Release */,
			);
			defaultConfigurationIsVisible = 0;
			defaultConfigurationName = Release;
		};
		CCC5CAA61D337A6D004135D0 /* Build configuration list for PBXNativeTarget "XMPPClint" */ = {
			isa = XCConfigurationList;
			buildConfigurations = (
				CCC5CAA71D337A6D004135D0 /* Debug */,
				CCC5CAA81D337A6D004135D0 /* Release */,
			);
			defaultConfigurationIsVisible = 0;
			defaultConfigurationName = Release;
		};
/* End XCConfigurationList section */
	};
	rootObject = CCC5CA871D337A6D004135D0 /* Project object */;
}
